
Microsoft Visual Studio Solution File, Format Version 12.00
# Visual Studio Version 17
VisualStudioVersion = 17.3.32825.248
MinimumVisualStudioVersion = 10.0.40219.1
Project("{FAE04EC0-301F-11D3-BF4B-00C04F79EFBC}") = "MyGrasshopperAssembly2", "MyGrasshopperAssembly2\MyGrasshopperAssembly2.csproj", "{552FEB48-71DF-4C64-B2CA-9D7EF5BCCC7E}"
EndProject
Global
	GlobalSection(SolutionConfigurationPlatforms) = preSolution
		Debug|Any CPU = Debug|Any CPU
		Release|Any CPU = Release|Any CPU
	EndGlobalSection
	GlobalSection(ProjectConfigurationPlatforms) = postSolution
		{552FEB48-71DF-4C64-B2CA-9D7EF5BCCC7E}.Debug|Any CPU.ActiveCfg = Debug|Any CPU
		{552FEB48-71DF-4C64-B2CA-9D7EF5BCCC7E}.Debug|Any CPU.Build.0 = Debug|Any CPU
		{552FEB48-71DF-4C64-B2CA-9D7EF5BCCC7E}.Release|Any CPU.ActiveCfg = Release|Any CPU
		{552FEB48-71DF-4C64-B2CA-9D7EF5BCCC7E}.Release|Any CPU.Build.0 = Release|Any CPU
	EndGlobalSection
	GlobalSection(SolutionProperties) = preSolution
		HideSolutionNode = FALSE
	EndGlobalSection
	GlobalSection(ExtensibilityGlobals) = postSolution
		SolutionGuid = {594888C5-CB65-4CA2-AE06-1D02B1DB5DB5}
	EndGlobalSection
EndGlobal
